// !$*UTF8*$!
{
	archiveVersion = 1;
	classes = {
	};
	objectVersion = 46;
	objects = {

/* Begin PBXBuildFile section */
		7B10C2950C04D67487E0908E /* CoreGraphics.framework in Frameworks */ = {isa = PBXBuildFile; fileRef = A15373DA54A4834DDDE2D290 /* CoreGraphics.framework */; };
		826A5B13B74CA387CCE58166 /* QuartzCore.framework in Frameworks */ = {isa = PBXBuildFile; fileRef = 294E41BF05A2CD43A23E08CD /* QuartzCore.framework */; };
		A65C46A41FF494AD6779ADEF /* CoreData.framework in Frameworks */ = {isa = PBXBuildFile; fileRef = D3EE939AF4F2C4CA5600FBDC /* CoreData.framework */; };
		D1267F5AE3E6D1F931F6D39F /* Foundation.framework in Frameworks */ = {isa = PBXBuildFile; fileRef = 41FA08772D6CCE57E5BF3580 /* Foundation.framework */; };
		E50D2929BEB285CB6556D83D /* Stubs.m in Sources */ = {isa = PBXBuildFile; fileRef = 6174DA9633F192BDF309BA4A /* Stubs.m */; };
/* End PBXBuildFile section */

/* Begin PBXFileReference section */
		052500E5DA96E6734E6AD08A /* pinterest-white@2x.png */ = {isa = PBXFileReference; includeInIndex = 1; lastKnownFileType = image.png; path = "pinterest-white@2x.png"; sourceTree = "<group>"; };
		09B08051134DC14F0C654315 /* google-plus-white.png */ = {isa = PBXFileReference; includeInIndex = 1; lastKnownFileType = image.png; path = "google-plus-white.png"; sourceTree = "<group>"; };
		1CCEBACAF6803B274C94CCEE /* Default-667h@2x.png */ = {isa = PBXFileReference; includeInIndex = 1; lastKnownFileType = image.png; path = "Default-667h@2x.png"; sourceTree = "<group>"; };
		294E41BF05A2CD43A23E08CD /* QuartzCore.framework */ = {isa = PBXFileReference; lastKnownFileType = wrapper.framework; name = QuartzCore.framework; path = Platforms/iPhoneOS.platform/Developer/SDKs/iPhoneOS8.3.sdk/System/Library/Frameworks/QuartzCore.framework; sourceTree = DEVELOPER_DIR; };
		2FA3482FB7F1901EE21877B8 /* twitter-white.png */ = {isa = PBXFileReference; includeInIndex = 1; lastKnownFileType = image.png; path = "twitter-white.png"; sourceTree = "<group>"; };
		34DA61895E04C1DF416B7253 /* linkedin-white@2x.png */ = {isa = PBXFileReference; includeInIndex = 1; lastKnownFileType = image.png; path = "linkedin-white@2x.png"; sourceTree = "<group>"; };
		3A2283A4600C611334509B75 /* Default-736h@3x.png */ = {isa = PBXFileReference; includeInIndex = 1; lastKnownFileType = image.png; path = "Default-736h@3x.png"; sourceTree = "<group>"; };
		41FA08772D6CCE57E5BF3580 /* Foundation.framework */ = {isa = PBXFileReference; lastKnownFileType = wrapper.framework; name = Foundation.framework; path = Platforms/iPhoneOS.platform/Developer/SDKs/iPhoneOS8.3.sdk/System/Library/Frameworks/Foundation.framework; sourceTree = DEVELOPER_DIR; };
		6174DA9633F192BDF309BA4A /* Stubs.m */ = {isa = PBXFileReference; includeInIndex = 1; lastKnownFileType = sourcecode.c.objc; path = Stubs.m; sourceTree = "<group>"; };
		80EE2DB975DB530D63484BA9 /* libib.a */ = {isa = PBXFileReference; explicitFileType = archive.ar; includeInIndex = 0; path = libib.a; sourceTree = BUILT_PRODUCTS_DIR; };
		8E4990D532B69C473606A9BA /* Default-568h@2x.png */ = {isa = PBXFileReference; includeInIndex = 1; lastKnownFileType = image.png; path = "Default-568h@2x.png"; sourceTree = "<group>"; };
		960E93B79CE76A9BB5C4A39A /* facebook-white.png */ = {isa = PBXFileReference; includeInIndex = 1; lastKnownFileType = image.png; path = "facebook-white.png"; sourceTree = "<group>"; };
		A15373DA54A4834DDDE2D290 /* CoreGraphics.framework */ = {isa = PBXFileReference; lastKnownFileType = wrapper.framework; name = CoreGraphics.framework; path = Platforms/iPhoneOS.platform/Developer/SDKs/iPhoneOS8.3.sdk/System/Library/Frameworks/CoreGraphics.framework; sourceTree = DEVELOPER_DIR; };
		AF2331B9F4A8B05B8C1104D7 /* facebook-white@2x.png */ = {isa = PBXFileReference; includeInIndex = 1; lastKnownFileType = image.png; path = "facebook-white@2x.png"; sourceTree = "<group>"; };
		C0FE9CA6ACBA96CA9AC6E69B /* twitter-white@2x.png */ = {isa = PBXFileReference; includeInIndex = 1; lastKnownFileType = image.png; path = "twitter-white@2x.png"; sourceTree = "<group>"; };
		C4A74814FE2AF4E44B3DC641 /* Storyboard.storyboard */ = {isa = PBXFileReference; includeInIndex = 1; lastKnownFileType = file.storyboard; path = Storyboard.storyboard; sourceTree = "<group>"; };
		D3EE939AF4F2C4CA5600FBDC /* CoreData.framework */ = {isa = PBXFileReference; lastKnownFileType = wrapper.framework; name = CoreData.framework; path = Platforms/iPhoneOS.platform/Developer/SDKs/iPhoneOS8.3.sdk/System/Library/Frameworks/CoreData.framework; sourceTree = DEVELOPER_DIR; };
		E6FC0AFE543D08314BD377A1 /* Stubs.h */ = {isa = PBXFileReference; includeInIndex = 1; lastKnownFileType = sourcecode.c.h; path = Stubs.h; sourceTree = "<group>"; };
		F0E48940C55B7E9E89C59BD4 /* google-plus-white@2x.png */ = {isa = PBXFileReference; includeInIndex = 1; lastKnownFileType = image.png; path = "google-plus-white@2x.png"; sourceTree = "<group>"; };
		F3A13DC6DF8105EB3CC4E8CD /* linkedin-white.png */ = {isa = PBXFileReference; includeInIndex = 1; lastKnownFileType = image.png; path = "linkedin-white.png"; sourceTree = "<group>"; };
		F53DCFE30BFE193D2FED3081 /* pinterest-white.png */ = {isa = PBXFileReference; includeInIndex = 1; lastKnownFileType = image.png; path = "pinterest-white.png"; sourceTree = "<group>"; };
/* End PBXFileReference section */

/* Begin PBXFrameworksBuildPhase section */
		1AC9878EF8158BBC8CBAD13D /* Frameworks */ = {
			isa = PBXFrameworksBuildPhase;
			buildActionMask = 2147483647;
			files = (
				D1267F5AE3E6D1F931F6D39F /* Foundation.framework in Frameworks */,
				826A5B13B74CA387CCE58166 /* QuartzCore.framework in Frameworks */,
				7B10C2950C04D67487E0908E /* CoreGraphics.framework in Frameworks */,
				A65C46A41FF494AD6779ADEF /* CoreData.framework in Frameworks */,
			);
			runOnlyForDeploymentPostprocessing = 0;
		};
/* End PBXFrameworksBuildPhase section */

/* Begin PBXGroup section */
		3FFF670961EBD4844657701F /* resources */ = {
			isa = PBXGroup;
			children = (
				04BBB85DF1A347384E525191 /* ProCon.xcdatamodeld */,
				8E4990D532B69C473606A9BA /* Default-568h@2x.png */,
				1CCEBACAF6803B274C94CCEE /* Default-667h@2x.png */,
				3A2283A4600C611334509B75 /* Default-736h@3x.png */,
				960E93B79CE76A9BB5C4A39A /* facebook-white.png */,
				AF2331B9F4A8B05B8C1104D7 /* facebook-white@2x.png */,
				09B08051134DC14F0C654315 /* google-plus-white.png */,
				F0E48940C55B7E9E89C59BD4 /* google-plus-white@2x.png */,
				F3A13DC6DF8105EB3CC4E8CD /* linkedin-white.png */,
				34DA61895E04C1DF416B7253 /* linkedin-white@2x.png */,
				F53DCFE30BFE193D2FED3081 /* pinterest-white.png */,
				052500E5DA96E6734E6AD08A /* pinterest-white@2x.png */,
				2FA3482FB7F1901EE21877B8 /* twitter-white.png */,
				C0FE9CA6ACBA96CA9AC6E69B /* twitter-white@2x.png */,
				C4A74814FE2AF4E44B3DC641 /* Storyboard.storyboard */,
			);
			name = resources;
			path = ./resources;
			sourceTree = "<group>";
		};
		4DE04F7C73604A482B0EC6BF /* Frameworks */ = {
			isa = PBXGroup;
			children = (
				5360121F6874B591CFB9156D /* iOS */,
			);
			name = Frameworks;
			sourceTree = "<group>";
		};
		5360121F6874B591CFB9156D /* iOS */ = {
			isa = PBXGroup;
			children = (
				41FA08772D6CCE57E5BF3580 /* Foundation.framework */,
				294E41BF05A2CD43A23E08CD /* QuartzCore.framework */,
				A15373DA54A4834DDDE2D290 /* CoreGraphics.framework */,
				D3EE939AF4F2C4CA5600FBDC /* CoreData.framework */,
			);
			name = iOS;
			sourceTree = "<group>";
		};
		5E994BC55B7E761AE4756E48 /* Resources */ = {
			isa = PBXGroup;
			children = (
				3FFF670961EBD4844657701F /* resources */,
			);
			name = Resources;
			sourceTree = "<group>";
		};
		61532EB274E59FB6E4F4C4BD = {
			isa = PBXGroup;
			children = (
				94ED442D5DDA9EF90E7065AD /* Products */,
				4DE04F7C73604A482B0EC6BF /* Frameworks */,
				686B0DBAD71B704C9A3761F6 /* Supporting Files */,
				F7AD27F46707CDE7B69A6311 /* Pods */,
				5E994BC55B7E761AE4756E48 /* Resources */,
			);
			sourceTree = "<group>";
		};
		686B0DBAD71B704C9A3761F6 /* Supporting Files */ = {
			isa = PBXGroup;
			children = (
				E6FC0AFE543D08314BD377A1 /* Stubs.h */,
				6174DA9633F192BDF309BA4A /* Stubs.m */,
			);
			name = "Supporting Files";
			path = /Users/knoxjeffrey/RubyMotion/MyProjects/ProCon/ib.xcodeproj;
			sourceTree = "<group>";
		};
		94ED442D5DDA9EF90E7065AD /* Products */ = {
			isa = PBXGroup;
			children = (
				80EE2DB975DB530D63484BA9 /* libib.a */,
			);
			name = Products;
			sourceTree = "<group>";
		};
		F7AD27F46707CDE7B69A6311 /* Pods */ = {
			isa = PBXGroup;
			children = (
			);
			name = Pods;
			path = /Users/knoxjeffrey/RubyMotion/MyProjects/ProCon/vendor/Pods/Headers;
			sourceTree = "<group>";
		};
/* End PBXGroup section */

/* Begin PBXNativeTarget section */
		8FDA290C8AF38BB5BD7B0822 /* ib */ = {
			isa = PBXNativeTarget;
			buildConfigurationList = 42F16C31BC53E7D529E5581A /* Build configuration list for PBXNativeTarget "ib" */;
			buildPhases = (
				2B83240702BBD79EA7E481DA /* Sources */,
				1AC9878EF8158BBC8CBAD13D /* Frameworks */,
			);
			buildRules = (
			);
			dependencies = (
			);
			name = ib;
			productName = ib;
			productReference = 80EE2DB975DB530D63484BA9 /* libib.a */;
			productType = "com.apple.product-type.library.static";
		};
/* End PBXNativeTarget section */

/* Begin PBXProject section */
		A664FDDAAFD8B0F225E05ED6 /* Project object */ = {
			isa = PBXProject;
			attributes = {
				LastSwiftUpdateCheck = 0700;
				LastUpgradeCheck = 0700;
			};
			buildConfigurationList = 0FC41027A5270FB6D444C5D4 /* Build configuration list for PBXProject "ib" */;
			compatibilityVersion = "Xcode 3.2";
			developmentRegion = English;
			hasScannedForEncodings = 0;
			knownRegions = (
				en,
			);
			mainGroup = 61532EB274E59FB6E4F4C4BD;
			productRefGroup = 94ED442D5DDA9EF90E7065AD /* Products */;
			projectDirPath = "";
			projectRoot = "";
			targets = (
				8FDA290C8AF38BB5BD7B0822 /* ib */,
			);
		};
/* End PBXProject section */

/* Begin PBXSourcesBuildPhase section */
		2B83240702BBD79EA7E481DA /* Sources */ = {
			isa = PBXSourcesBuildPhase;
			buildActionMask = 2147483647;
			files = (
				E50D2929BEB285CB6556D83D /* Stubs.m in Sources */,
			);
			runOnlyForDeploymentPostprocessing = 0;
		};
/* End PBXSourcesBuildPhase section */

/* Begin XCBuildConfiguration section */
		69F7DA2955A28DAD5C24FEED /* Debug */ = {
			isa = XCBuildConfiguration;
			buildSettings = {
				ALWAYS_SEARCH_USER_PATHS = NO;
				CLANG_CXX_LANGUAGE_STANDARD = "gnu++0x";
				CLANG_CXX_LIBRARY = "libc++";
				CLANG_ENABLE_MODULES = YES;
				CLANG_ENABLE_OBJC_ARC = YES;
				CLANG_WARN_BOOL_CONVERSION = YES;
				CLANG_WARN_CONSTANT_CONVERSION = YES;
				CLANG_WARN_DIRECT_OBJC_ISA_USAGE = YES;
				CLANG_WARN_EMPTY_BODY = YES;
				CLANG_WARN_ENUM_CONVERSION = YES;
				CLANG_WARN_INT_CONVERSION = YES;
				CLANG_WARN_OBJC_ROOT_CLASS = YES;
				CLANG_WARN_UNREACHABLE_CODE = YES;
				CLANG_WARN__DUPLICATE_METHOD_MATCH = YES;
				COPY_PHASE_STRIP = NO;
				GCC_C_LANGUAGE_STANDARD = gnu99;
				GCC_DYNAMIC_NO_PIC = NO;
				GCC_OPTIMIZATION_LEVEL = 0;
				GCC_PREPROCESSOR_DEFINITIONS = (
					"DEBUG=1",
					"$(inherited)",
				);
				GCC_SYMBOLS_PRIVATE_EXTERN = NO;
				GCC_WARN_64_TO_32_BIT_CONVERSION = YES;
				GCC_WARN_ABOUT_RETURN_TYPE = YES;
				GCC_WARN_UNDECLARED_SELECTOR = YES;
				GCC_WARN_UNINITIALIZED_AUTOS = YES;
				GCC_WARN_UNUSED_FUNCTION = YES;
				GCC_WARN_UNUSED_VARIABLE = YES;
				ONLY_ACTIVE_ARCH = YES;
			};
			name = Debug;
		};
		77499D20821072814E5A99D4 /* Debug */ = {
			isa = XCBuildConfiguration;
			buildSettings = {
				ENABLE_STRICT_OBJC_MSGSEND = YES;
				MTL_ENABLE_DEBUG_INFO = YES;
				OTHER_LDFLAGS = "-ObjC";
				PRODUCT_NAME = "$(TARGET_NAME)";
				SDKROOT = iphoneos;
				SKIP_INSTALL = YES;
			};
			name = Debug;
		};
		8E0A0052E215984ED405CBCD /* Release */ = {
			isa = XCBuildConfiguration;
			buildSettings = {
				ALWAYS_SEARCH_USER_PATHS = NO;
				CLANG_CXX_LANGUAGE_STANDARD = "gnu++0x";
				CLANG_CXX_LIBRARY = "libc++";
				CLANG_ENABLE_MODULES = YES;
				CLANG_ENABLE_OBJC_ARC = YES;
				CLANG_WARN_BOOL_CONVERSION = YES;
				CLANG_WARN_CONSTANT_CONVERSION = YES;
				CLANG_WARN_DIRECT_OBJC_ISA_USAGE = YES;
				CLANG_WARN_EMPTY_BODY = YES;
				CLANG_WARN_ENUM_CONVERSION = YES;
				CLANG_WARN_INT_CONVERSION = YES;
				CLANG_WARN_OBJC_ROOT_CLASS = YES;
				CLANG_WARN_UNREACHABLE_CODE = YES;
				CLANG_WARN__DUPLICATE_METHOD_MATCH = YES;
				COPY_PHASE_STRIP = YES;
				ENABLE_NS_ASSERTIONS = NO;
				GCC_C_LANGUAGE_STANDARD = gnu99;
				GCC_WARN_64_TO_32_BIT_CONVERSION = YES;
				GCC_WARN_ABOUT_RETURN_TYPE = YES;
				GCC_WARN_UNDECLARED_SELECTOR = YES;
				GCC_WARN_UNINITIALIZED_AUTOS = YES;
				GCC_WARN_UNUSED_FUNCTION = YES;
				GCC_WARN_UNUSED_VARIABLE = YES;
				VALIDATE_PRODUCT = YES;
			};
			name = Release;
		};
		DA3A956EA47F1703B3F0A5FD /* Release */ = {
			isa = XCBuildConfiguration;
			buildSettings = {
				ENABLE_STRICT_OBJC_MSGSEND = YES;
				MTL_ENABLE_DEBUG_INFO = NO;
				OTHER_LDFLAGS = "-ObjC";
				PRODUCT_NAME = "$(TARGET_NAME)";
				SDKROOT = iphoneos;
				SKIP_INSTALL = YES;
			};
			name = Release;
		};
/* End XCBuildConfiguration section */

/* Begin XCConfigurationList section */
		0FC41027A5270FB6D444C5D4 /* Build configuration list for PBXProject "ib" */ = {
			isa = XCConfigurationList;
			buildConfigurations = (
				69F7DA2955A28DAD5C24FEED /* Debug */,
				8E0A0052E215984ED405CBCD /* Release */,
			);
			defaultConfigurationIsVisible = 0;
			defaultConfigurationName = Release;
		};
		42F16C31BC53E7D529E5581A /* Build configuration list for PBXNativeTarget "ib" */ = {
			isa = XCConfigurationList;
			buildConfigurations = (
				DA3A956EA47F1703B3F0A5FD /* Release */,
				77499D20821072814E5A99D4 /* Debug */,
			);
			defaultConfigurationIsVisible = 0;
			defaultConfigurationName = Release;
		};
/* End XCConfigurationList section */

/* Begin XCVersionGroup section */
		04BBB85DF1A347384E525191 /* ProCon.xcdatamodeld */ = {
			isa = XCVersionGroup;
			children = (
			);
			path = ProCon.xcdatamodeld;
			sourceTree = "<group>";
			versionGroupType = wrapper.xcdatamodel;
		};
/* End XCVersionGroup section */
	};
	rootObject = A664FDDAAFD8B0F225E05ED6 /* Project object */;
}
